
Microsoft Visual Studio Solution File, Format Version 12.00
# Visual Studio Version 16
VisualStudioVersion = 16.0.31727.386
MinimumVisualStudioVersion = 10.0.40219.1
Project("{FAE04EC0-301F-11D3-BF4B-00C04F79EFBC}") = "AgendaNET", "AgendaNET.csproj", "{07716B8F-CC80-42A6-8712-3FF628BE4EF3}"
EndProject
Global
	GlobalSection(SolutionConfigurationPlatforms) = preSolution
		Debug|Any CPU = Debug|Any CPU
		Release|Any CPU = Release|Any CPU
	EndGlobalSection
	GlobalSection(ProjectConfigurationPlatforms) = postSolution
		{07716B8F-CC80-42A6-8712-3FF628BE4EF3}.Debug|Any CPU.ActiveCfg = Debug|Any CPU
		{07716B8F-CC80-42A6-8712-3FF628BE4EF3}.Debug|Any CPU.Build.0 = Debug|Any CPU
		{07716B8F-CC80-42A6-8712-3FF628BE4EF3}.Release|Any CPU.ActiveCfg = Release|Any CPU
		{07716B8F-CC80-42A6-8712-3FF628BE4EF3}.Release|Any CPU.Build.0 = Release|Any CPU
	EndGlobalSection
	GlobalSection(SolutionProperties) = preSolution
		HideSolutionNode = FALSE
	EndGlobalSection
	GlobalSection(ExtensibilityGlobals) = postSolution
		SolutionGuid = {5D067315-86E1-48B1-8C54-C648FD517D88}
	EndGlobalSection
EndGlobal
